// !$*UTF8*$!
{
	archiveVersion = 1;
	classes = {
	};
	objectVersion = 56;
	objects = {

/* Begin PBXBuildFile section */
		045BE9A929F9878D002C5DAE /* FeatureCard.swift in Sources */ = {isa = PBXBuildFile; fileRef = 045BE9A829F9878D002C5DAE /* FeatureCard.swift */; };
		045BE9AD29F98804002C5DAE /* PageViewController.swift in Sources */ = {isa = PBXBuildFile; fileRef = 045BE9AC29F98804002C5DAE /* PageViewController.swift */; };
		045BE9AF29F98973002C5DAE /* PageView.swift in Sources */ = {isa = PBXBuildFile; fileRef = 045BE9AE29F98973002C5DAE /* PageView.swift */; };
		045BE9B129F98D15002C5DAE /* PageControl.swift in Sources */ = {isa = PBXBuildFile; fileRef = 045BE9B029F98D15002C5DAE /* PageControl.swift */; };
		045BEA8929F99AAC002C5DAE /* ContentView.swift in Sources */ = {isa = PBXBuildFile; fileRef = 045BEA8829F99AAC002C5DAE /* ContentView.swift */; };
		045BEA8B29F99AAD002C5DAE /* Assets.xcassets in Resources */ = {isa = PBXBuildFile; fileRef = 045BEA8A29F99AAD002C5DAE /* Assets.xcassets */; };
		045BEA8E29F99AAD002C5DAE /* Preview Assets.xcassets in Resources */ = {isa = PBXBuildFile; fileRef = 045BEA8D29F99AAD002C5DAE /* Preview Assets.xcassets */; };
		045BEA9929F99AAE002C5DAE /* MacLandmarksTests.swift in Sources */ = {isa = PBXBuildFile; fileRef = 045BEA9829F99AAE002C5DAE /* MacLandmarksTests.swift */; };
		045BEAA329F99AAE002C5DAE /* MacLandmarksUITests.swift in Sources */ = {isa = PBXBuildFile; fileRef = 045BEAA229F99AAE002C5DAE /* MacLandmarksUITests.swift */; };
		045BEAA529F99AAE002C5DAE /* MacLandmarksUITestsLaunchTests.swift in Sources */ = {isa = PBXBuildFile; fileRef = 045BEAA429F99AAE002C5DAE /* MacLandmarksUITestsLaunchTests.swift */; };
		045BEAAF29F99C1C002C5DAE /* LandmarkRow.swift in Sources */ = {isa = PBXBuildFile; fileRef = 047F878B29E8DF390039CB81 /* LandmarkRow.swift */; };
		045BEAB029F99C1C002C5DAE /* hikeData.json in Resources */ = {isa = PBXBuildFile; fileRef = 047F87A029E8FBD10039CB81 /* hikeData.json */; };
		045BEAB129F99C1C002C5DAE /* landmarkData.json in Resources */ = {isa = PBXBuildFile; fileRef = 047F878229E4F9540039CB81 /* landmarkData.json */; };
		045BEAB229F99C1C002C5DAE /* FavoriteButton.swift in Sources */ = {isa = PBXBuildFile; fileRef = 047F879129E8F5130039CB81 /* FavoriteButton.swift */; };
		045BEAB329F99C1C002C5DAE /* ModelData.swift in Sources */ = {isa = PBXBuildFile; fileRef = 047F878629E8DD3E0039CB81 /* ModelData.swift */; };
		045BEAB429F99C1C002C5DAE /* MapView.swift in Sources */ = {isa = PBXBuildFile; fileRef = 047F878029E4F4940039CB81 /* MapView.swift */; };
		045BEAB529F99C1C002C5DAE /* Landmark.swift in Sources */ = {isa = PBXBuildFile; fileRef = 047F878429E4F9760039CB81 /* Landmark.swift */; };
		045BEAB629F99C1C002C5DAE /* Profile.swift in Sources */ = {isa = PBXBuildFile; fileRef = 047F87B429E9316A0039CB81 /* Profile.swift */; };
		045BEAB729F99C1C002C5DAE /* Hike.swift in Sources */ = {isa = PBXBuildFile; fileRef = 047F87A229E8FBE50039CB81 /* Hike.swift */; };
		045BEAB829F99C1C002C5DAE /* LandmarkList.swift in Sources */ = {isa = PBXBuildFile; fileRef = 047F878D29E8E3AB0039CB81 /* LandmarkList.swift */; };
		045BEAB929F99C1C002C5DAE /* Assets.xcassets in Resources */ = {isa = PBXBuildFile; fileRef = 047F875829E4EF340039CB81 /* Assets.xcassets */; };
		045BEABA29F99C1C002C5DAE /* circleImage.swift in Sources */ = {isa = PBXBuildFile; fileRef = 047F877E29E4F38F0039CB81 /* circleImage.swift */; };
		045BEABB29F99C1C002C5DAE /* AFL3_0706012110054_FadhilApp.swift in Sources */ = {isa = PBXBuildFile; fileRef = 047F875429E4EF330039CB81 /* AFL3_0706012110054_FadhilApp.swift */; };
		045BEABE29F99FCA002C5DAE /* LandmarkDetail.swift in Sources */ = {isa = PBXBuildFile; fileRef = 045BEABD29F99FCA002C5DAE /* LandmarkDetail.swift */; };
		045BEAC329F9AEF5002C5DAE /* LandmarkCommands.swift in Sources */ = {isa = PBXBuildFile; fileRef = 045BEAC229F9AEF5002C5DAE /* LandmarkCommands.swift */; };
		045BEAC429F9AEF5002C5DAE /* LandmarkCommands.swift in Sources */ = {isa = PBXBuildFile; fileRef = 045BEAC229F9AEF5002C5DAE /* LandmarkCommands.swift */; };
		045BEAC629F9B1E6002C5DAE /* LandmarkSettings.swift in Sources */ = {isa = PBXBuildFile; fileRef = 045BEAC529F9B1E6002C5DAE /* LandmarkSettings.swift */; };
		047F875529E4EF330039CB81 /* AFL3_0706012110054_FadhilApp.swift in Sources */ = {isa = PBXBuildFile; fileRef = 047F875429E4EF330039CB81 /* AFL3_0706012110054_FadhilApp.swift */; };
		047F875729E4EF330039CB81 /* ContentView.swift in Sources */ = {isa = PBXBuildFile; fileRef = 047F875629E4EF330039CB81 /* ContentView.swift */; };
		047F875929E4EF340039CB81 /* Assets.xcassets in Resources */ = {isa = PBXBuildFile; fileRef = 047F875829E4EF340039CB81 /* Assets.xcassets */; };
		047F875C29E4EF340039CB81 /* Preview Assets.xcassets in Resources */ = {isa = PBXBuildFile; fileRef = 047F875B29E4EF340039CB81 /* Preview Assets.xcassets */; };
		047F876629E4EF340039CB81 /* AFL3_0706012110054_FadhilTests.swift in Sources */ = {isa = PBXBuildFile; fileRef = 047F876529E4EF340039CB81 /* AFL3_0706012110054_FadhilTests.swift */; };
		047F877029E4EF340039CB81 /* AFL3_0706012110054_FadhilUITests.swift in Sources */ = {isa = PBXBuildFile; fileRef = 047F876F29E4EF340039CB81 /* AFL3_0706012110054_FadhilUITests.swift */; };
		047F877229E4EF340039CB81 /* AFL3_0706012110054_FadhilUITestsLaunchTests.swift in Sources */ = {isa = PBXBuildFile; fileRef = 047F877129E4EF340039CB81 /* AFL3_0706012110054_FadhilUITestsLaunchTests.swift */; };
		047F877F29E4F38F0039CB81 /* circleImage.swift in Sources */ = {isa = PBXBuildFile; fileRef = 047F877E29E4F38F0039CB81 /* circleImage.swift */; };
		047F878129E4F4940039CB81 /* MapView.swift in Sources */ = {isa = PBXBuildFile; fileRef = 047F878029E4F4940039CB81 /* MapView.swift */; };
		047F878329E4F9540039CB81 /* landmarkData.json in Resources */ = {isa = PBXBuildFile; fileRef = 047F878229E4F9540039CB81 /* landmarkData.json */; };
		047F878529E4F9760039CB81 /* Landmark.swift in Sources */ = {isa = PBXBuildFile; fileRef = 047F878429E4F9760039CB81 /* Landmark.swift */; };
		047F878729E8DD3E0039CB81 /* ModelData.swift in Sources */ = {isa = PBXBuildFile; fileRef = 047F878629E8DD3E0039CB81 /* ModelData.swift */; };
		047F878C29E8DF390039CB81 /* LandmarkRow.swift in Sources */ = {isa = PBXBuildFile; fileRef = 047F878B29E8DF390039CB81 /* LandmarkRow.swift */; };
		047F878E29E8E3AB0039CB81 /* LandmarkList.swift in Sources */ = {isa = PBXBuildFile; fileRef = 047F878D29E8E3AB0039CB81 /* LandmarkList.swift */; };
		047F879029E8E5340039CB81 /* LandmarkDetail.swift in Sources */ = {isa = PBXBuildFile; fileRef = 047F878F29E8E5340039CB81 /* LandmarkDetail.swift */; };
		047F879229E8F5130039CB81 /* FavoriteButton.swift in Sources */ = {isa = PBXBuildFile; fileRef = 047F879129E8F5130039CB81 /* FavoriteButton.swift */; };
		047F879629E8F8E50039CB81 /* HexagonParameters.swift in Sources */ = {isa = PBXBuildFile; fileRef = 047F879529E8F8E50039CB81 /* HexagonParameters.swift */; };
		047F879829E8F9700039CB81 /* BadgeBackground.swift in Sources */ = {isa = PBXBuildFile; fileRef = 047F879729E8F9700039CB81 /* BadgeBackground.swift */; };
		047F879A29E8FA9D0039CB81 /* BadgeSymbol.swift in Sources */ = {isa = PBXBuildFile; fileRef = 047F879929E8FA9D0039CB81 /* BadgeSymbol.swift */; };
		047F879C29E8FAF80039CB81 /* RotatedBadgeSymbol.swift in Sources */ = {isa = PBXBuildFile; fileRef = 047F879B29E8FAF80039CB81 /* RotatedBadgeSymbol.swift */; };
		047F879E29E8FB240039CB81 /* Badge.swift in Sources */ = {isa = PBXBuildFile; fileRef = 047F879D29E8FB240039CB81 /* Badge.swift */; };
		047F87A129E8FBD10039CB81 /* hikeData.json in Resources */ = {isa = PBXBuildFile; fileRef = 047F87A029E8FBD10039CB81 /* hikeData.json */; };
		047F87A329E8FBE50039CB81 /* Hike.swift in Sources */ = {isa = PBXBuildFile; fileRef = 047F87A229E8FBE50039CB81 /* Hike.swift */; };
		047F87A929E8FC360039CB81 /* GraphCapsule.swift in Sources */ = {isa = PBXBuildFile; fileRef = 047F87A529E8FC350039CB81 /* GraphCapsule.swift */; };
		047F87AA29E8FC360039CB81 /* HikeGraph.swift in Sources */ = {isa = PBXBuildFile; fileRef = 047F87A629E8FC350039CB81 /* HikeGraph.swift */; };
		047F87AB29E8FC360039CB81 /* HikeDetail.swift in Sources */ = {isa = PBXBuildFile; fileRef = 047F87A729E8FC350039CB81 /* HikeDetail.swift */; };
		047F87AC29E8FC360039CB81 /* HikeView.swift in Sources */ = {isa = PBXBuildFile; fileRef = 047F87A829E8FC350039CB81 /* HikeView.swift */; };
		047F87AF29E901CF0039CB81 /* CategoryHome.swift in Sources */ = {isa = PBXBuildFile; fileRef = 047F87AE29E901CF0039CB81 /* CategoryHome.swift */; };
		047F87B129E92BB90039CB81 /* CategoryRow.swift in Sources */ = {isa = PBXBuildFile; fileRef = 047F87B029E92BB90039CB81 /* CategoryRow.swift */; };
		047F87B329E92D910039CB81 /* CategoryItem.swift in Sources */ = {isa = PBXBuildFile; fileRef = 047F87B229E92D910039CB81 /* CategoryItem.swift */; };
		047F87B529E9316A0039CB81 /* Profile.swift in Sources */ = {isa = PBXBuildFile; fileRef = 047F87B429E9316A0039CB81 /* Profile.swift */; };
		047F87B829E931BE0039CB81 /* ProfileHost.swift in Sources */ = {isa = PBXBuildFile; fileRef = 047F87B729E931BE0039CB81 /* ProfileHost.swift */; };
		047F87BA29E932010039CB81 /* ProfileSummary.swift in Sources */ = {isa = PBXBuildFile; fileRef = 047F87B929E932010039CB81 /* ProfileSummary.swift */; };
		047F87BC29E9326F0039CB81 /* HikeBadge.swift in Sources */ = {isa = PBXBuildFile; fileRef = 047F87BB29E9326F0039CB81 /* HikeBadge.swift */; };
		047F87BE29E935DB0039CB81 /* ProfileEditor.swift in Sources */ = {isa = PBXBuildFile; fileRef = 047F87BD29E935DB0039CB81 /* ProfileEditor.swift */; };
/* End PBXBuildFile section */

/* Begin PBXContainerItemProxy section */
		045BEA9529F99AAD002C5DAE /* PBXContainerItemProxy */ = {
			isa = PBXContainerItemProxy;
			containerPortal = 047F874929E4EF330039CB81 /* Project object */;
			proxyType = 1;
			remoteGlobalIDString = 045BEA8329F99AAC002C5DAE;
			remoteInfo = MacLandmarks;
		};
		045BEA9F29F99AAE002C5DAE /* PBXContainerItemProxy */ = {
			isa = PBXContainerItemProxy;
			containerPortal = 047F874929E4EF330039CB81 /* Project object */;
			proxyType = 1;
			remoteGlobalIDString = 045BEA8329F99AAC002C5DAE;
			remoteInfo = MacLandmarks;
		};
		047F876229E4EF340039CB81 /* PBXContainerItemProxy */ = {
			isa = PBXContainerItemProxy;
			containerPortal = 047F874929E4EF330039CB81 /* Project object */;
			proxyType = 1;
			remoteGlobalIDString = 047F875029E4EF330039CB81;
			remoteInfo = "AFL3-0706012110054-Fadhil";
		};
		047F876C29E4EF340039CB81 /* PBXContainerItemProxy */ = {
			isa = PBXContainerItemProxy;
			containerPortal = 047F874929E4EF330039CB81 /* Project object */;
			proxyType = 1;
			remoteGlobalIDString = 047F875029E4EF330039CB81;
			remoteInfo = "AFL3-0706012110054-Fadhil";
		};
/* End PBXContainerItemProxy section */

/* Begin PBXCopyFilesBuildPhase section */
		045BE9DD29F992D1002C5DAE /* Embed Watch Content */ = {
			isa = PBXCopyFilesBuildPhase;
			buildActionMask = 2147483647;
			dstPath = "$(CONTENTS_FOLDER_PATH)/Watch";
			dstSubfolderSpec = 16;
			files = (
			);
			name = "Embed Watch Content";
			runOnlyForDeploymentPostprocessing = 0;
		};
/* End PBXCopyFilesBuildPhase section */

/* Begin PBXFileReference section */
		045BE9A829F9878D002C5DAE /* FeatureCard.swift */ = {isa = PBXFileReference; lastKnownFileType = sourcecode.swift; path = FeatureCard.swift; sourceTree = "<group>"; };
		045BE9AC29F98804002C5DAE /* PageViewController.swift */ = {isa = PBXFileReference; lastKnownFileType = sourcecode.swift; path = PageViewController.swift; sourceTree = "<group>"; };
		045BE9AE29F98973002C5DAE /* PageView.swift */ = {isa = PBXFileReference; lastKnownFileType = sourcecode.swift; path = PageView.swift; sourceTree = "<group>"; };
		045BE9B029F98D15002C5DAE /* PageControl.swift */ = {isa = PBXFileReference; lastKnownFileType = sourcecode.swift; path = PageControl.swift; sourceTree = "<group>"; };
		045BEA8429F99AAC002C5DAE /* MacLandmarks.app */ = {isa = PBXFileReference; explicitFileType = wrapper.application; includeInIndex = 0; path = MacLandmarks.app; sourceTree = BUILT_PRODUCTS_DIR; };
		045BEA8829F99AAC002C5DAE /* ContentView.swift */ = {isa = PBXFileReference; lastKnownFileType = sourcecode.swift; path = ContentView.swift; sourceTree = "<group>"; };
		045BEA8A29F99AAD002C5DAE /* Assets.xcassets */ = {isa = PBXFileReference; lastKnownFileType = folder.assetcatalog; path = Assets.xcassets; sourceTree = "<group>"; };
		045BEA8D29F99AAD002C5DAE /* Preview Assets.xcassets */ = {isa = PBXFileReference; lastKnownFileType = folder.assetcatalog; path = "Preview Assets.xcassets"; sourceTree = "<group>"; };
		045BEA8F29F99AAD002C5DAE /* MacLandmarks.entitlements */ = {isa = PBXFileReference; lastKnownFileType = text.plist.entitlements; path = MacLandmarks.entitlements; sourceTree = "<group>"; };
		045BEA9429F99AAD002C5DAE /* MacLandmarksTests.xctest */ = {isa = PBXFileReference; explicitFileType = wrapper.cfbundle; includeInIndex = 0; path = MacLandmarksTests.xctest; sourceTree = BUILT_PRODUCTS_DIR; };
		045BEA9829F99AAE002C5DAE /* MacLandmarksTests.swift */ = {isa = PBXFileReference; lastKnownFileType = sourcecode.swift; path = MacLandmarksTests.swift; sourceTree = "<group>"; };
		045BEA9E29F99AAE002C5DAE /* MacLandmarksUITests.xctest */ = {isa = PBXFileReference; explicitFileType = wrapper.cfbundle; includeInIndex = 0; path = MacLandmarksUITests.xctest; sourceTree = BUILT_PRODUCTS_DIR; };
		045BEAA229F99AAE002C5DAE /* MacLandmarksUITests.swift */ = {isa = PBXFileReference; lastKnownFileType = sourcecode.swift; path = MacLandmarksUITests.swift; sourceTree = "<group>"; };
		045BEAA429F99AAE002C5DAE /* MacLandmarksUITestsLaunchTests.swift */ = {isa = PBXFileReference; lastKnownFileType = sourcecode.swift; path = MacLandmarksUITestsLaunchTests.swift; sourceTree = "<group>"; };
		045BEABD29F99FCA002C5DAE /* LandmarkDetail.swift */ = {isa = PBXFileReference; lastKnownFileType = sourcecode.swift; path = LandmarkDetail.swift; sourceTree = "<group>"; };
		045BEAC229F9AEF5002C5DAE /* LandmarkCommands.swift */ = {isa = PBXFileReference; lastKnownFileType = sourcecode.swift; path = LandmarkCommands.swift; sourceTree = "<group>"; };
		045BEAC529F9B1E6002C5DAE /* LandmarkSettings.swift */ = {isa = PBXFileReference; lastKnownFileType = sourcecode.swift; path = LandmarkSettings.swift; sourceTree = "<group>"; };
		047F875129E4EF330039CB81 /* AFL3-0706012110054-Fadhil.app */ = {isa = PBXFileReference; explicitFileType = wrapper.application; includeInIndex = 0; path = "AFL3-0706012110054-Fadhil.app"; sourceTree = BUILT_PRODUCTS_DIR; };
		047F875429E4EF330039CB81 /* AFL3_0706012110054_FadhilApp.swift */ = {isa = PBXFileReference; lastKnownFileType = sourcecode.swift; path = AFL3_0706012110054_FadhilApp.swift; sourceTree = "<group>"; };
		047F875629E4EF330039CB81 /* ContentView.swift */ = {isa = PBXFileReference; lastKnownFileType = sourcecode.swift; path = ContentView.swift; sourceTree = "<group>"; };
		047F875829E4EF340039CB81 /* Assets.xcassets */ = {isa = PBXFileReference; lastKnownFileType = folder.assetcatalog; path = Assets.xcassets; sourceTree = "<group>"; };
		047F875B29E4EF340039CB81 /* Preview Assets.xcassets */ = {isa = PBXFileReference; lastKnownFileType = folder.assetcatalog; path = "Preview Assets.xcassets"; sourceTree = "<group>"; };
		047F876129E4EF340039CB81 /* AFL3-0706012110054-FadhilTests.xctest */ = {isa = PBXFileReference; explicitFileType = wrapper.cfbundle; includeInIndex = 0; path = "AFL3-0706012110054-FadhilTests.xctest"; sourceTree = BUILT_PRODUCTS_DIR; };
		047F876529E4EF340039CB81 /* AFL3_0706012110054_FadhilTests.swift */ = {isa = PBXFileReference; lastKnownFileType = sourcecode.swift; path = AFL3_0706012110054_FadhilTests.swift; sourceTree = "<group>"; };
		047F876B29E4EF340039CB81 /* AFL3-0706012110054-FadhilUITests.xctest */ = {isa = PBXFileReference; explicitFileType = wrapper.cfbundle; includeInIndex = 0; path = "AFL3-0706012110054-FadhilUITests.xctest"; sourceTree = BUILT_PRODUCTS_DIR; };
		047F876F29E4EF340039CB81 /* AFL3_0706012110054_FadhilUITests.swift */ = {isa = PBXFileReference; lastKnownFileType = sourcecode.swift; path = AFL3_0706012110054_FadhilUITests.swift; sourceTree = "<group>"; };
		047F877129E4EF340039CB81 /* AFL3_0706012110054_FadhilUITestsLaunchTests.swift */ = {isa = PBXFileReference; lastKnownFileType = sourcecode.swift; path = AFL3_0706012110054_FadhilUITestsLaunchTests.swift; sourceTree = "<group>"; };
		047F877E29E4F38F0039CB81 /* circleImage.swift */ = {isa = PBXFileReference; lastKnownFileType = sourcecode.swift; path = circleImage.swift; sourceTree = "<group>"; };
		047F878029E4F4940039CB81 /* MapView.swift */ = {isa = PBXFileReference; lastKnownFileType = sourcecode.swift; path = MapView.swift; sourceTree = "<group>"; };
		047F878229E4F9540039CB81 /* landmarkData.json */ = {isa = PBXFileReference; fileEncoding = 4; lastKnownFileType = text.json; path = landmarkData.json; sourceTree = "<group>"; };
		047F878429E4F9760039CB81 /* Landmark.swift */ = {isa = PBXFileReference; lastKnownFileType = sourcecode.swift; path = Landmark.swift; sourceTree = "<group>"; };
		047F878629E8DD3E0039CB81 /* ModelData.swift */ = {isa = PBXFileReference; lastKnownFileType = sourcecode.swift; path = ModelData.swift; sourceTree = "<group>"; };
		047F878B29E8DF390039CB81 /* LandmarkRow.swift */ = {isa = PBXFileReference; lastKnownFileType = sourcecode.swift; path = LandmarkRow.swift; sourceTree = "<group>"; };
		047F878D29E8E3AB0039CB81 /* LandmarkList.swift */ = {isa = PBXFileReference; lastKnownFileType = sourcecode.swift; path = LandmarkList.swift; sourceTree = "<group>"; };
		047F878F29E8E5340039CB81 /* LandmarkDetail.swift */ = {isa = PBXFileReference; lastKnownFileType = sourcecode.swift; path = LandmarkDetail.swift; sourceTree = "<group>"; };
		047F879129E8F5130039CB81 /* FavoriteButton.swift */ = {isa = PBXFileReference; lastKnownFileType = sourcecode.swift; path = FavoriteButton.swift; sourceTree = "<group>"; };
		047F879529E8F8E50039CB81 /* HexagonParameters.swift */ = {isa = PBXFileReference; lastKnownFileType = sourcecode.swift; path = HexagonParameters.swift; sourceTree = "<group>"; };
		047F879729E8F9700039CB81 /* BadgeBackground.swift */ = {isa = PBXFileReference; lastKnownFileType = sourcecode.swift; path = BadgeBackground.swift; sourceTree = "<group>"; };
		047F879929E8FA9D0039CB81 /* BadgeSymbol.swift */ = {isa = PBXFileReference; lastKnownFileType = sourcecode.swift; path = BadgeSymbol.swift; sourceTree = "<group>"; };
		047F879B29E8FAF80039CB81 /* RotatedBadgeSymbol.swift */ = {isa = PBXFileReference; lastKnownFileType = sourcecode.swift; path = RotatedBadgeSymbol.swift; sourceTree = "<group>"; };
		047F879D29E8FB240039CB81 /* Badge.swift */ = {isa = PBXFileReference; lastKnownFileType = sourcecode.swift; path = Badge.swift; sourceTree = "<group>"; };
		047F87A029E8FBD10039CB81 /* hikeData.json */ = {isa = PBXFileReference; fileEncoding = 4; lastKnownFileType = text.json; path = hikeData.json; sourceTree = "<group>"; };
		047F87A229E8FBE50039CB81 /* Hike.swift */ = {isa = PBXFileReference; lastKnownFileType = sourcecode.swift; path = Hike.swift; sourceTree = "<group>"; };
		047F87A529E8FC350039CB81 /* GraphCapsule.swift */ = {isa = PBXFileReference; fileEncoding = 4; lastKnownFileType = sourcecode.swift; path = GraphCapsule.swift; sourceTree = "<group>"; };
		047F87A629E8FC350039CB81 /* HikeGraph.swift */ = {isa = PBXFileReference; fileEncoding = 4; lastKnownFileType = sourcecode.swift; path = HikeGraph.swift; sourceTree = "<group>"; };
		047F87A729E8FC350039CB81 /* HikeDetail.swift */ = {isa = PBXFileReference; fileEncoding = 4; lastKnownFileType = sourcecode.swift; path = HikeDetail.swift; sourceTree = "<group>"; };
		047F87A829E8FC350039CB81 /* HikeView.swift */ = {isa = PBXFileReference; fileEncoding = 4; lastKnownFileType = sourcecode.swift; path = HikeView.swift; sourceTree = "<group>"; };
		047F87AE29E901CF0039CB81 /* CategoryHome.swift */ = {isa = PBXFileReference; lastKnownFileType = sourcecode.swift; path = CategoryHome.swift; sourceTree = "<group>"; };
		047F87B029E92BB90039CB81 /* CategoryRow.swift */ = {isa = PBXFileReference; lastKnownFileType = sourcecode.swift; path = CategoryRow.swift; sourceTree = "<group>"; };
		047F87B229E92D910039CB81 /* CategoryItem.swift */ = {isa = PBXFileReference; lastKnownFileType = sourcecode.swift; path = CategoryItem.swift; sourceTree = "<group>"; };
		047F87B429E9316A0039CB81 /* Profile.swift */ = {isa = PBXFileReference; lastKnownFileType = sourcecode.swift; path = Profile.swift; sourceTree = "<group>"; };
		047F87B729E931BE0039CB81 /* ProfileHost.swift */ = {isa = PBXFileReference; lastKnownFileType = sourcecode.swift; path = ProfileHost.swift; sourceTree = "<group>"; };
		047F87B929E932010039CB81 /* ProfileSummary.swift */ = {isa = PBXFileReference; lastKnownFileType = sourcecode.swift; path = ProfileSummary.swift; sourceTree = "<group>"; };
		047F87BB29E9326F0039CB81 /* HikeBadge.swift */ = {isa = PBXFileReference; lastKnownFileType = sourcecode.swift; path = HikeBadge.swift; sourceTree = "<group>"; };
		047F87BD29E935DB0039CB81 /* ProfileEditor.swift */ = {isa = PBXFileReference; lastKnownFileType = sourcecode.swift; path = ProfileEditor.swift; sourceTree = "<group>"; };
/* End PBXFileReference section */

/* Begin PBXFrameworksBuildPhase section */
		045BEA8129F99AAC002C5DAE /* Frameworks */ = {
			isa = PBXFrameworksBuildPhase;
			buildActionMask = 2147483647;
			files = (
			);
			runOnlyForDeploymentPostprocessing = 0;
		};
		045BEA9129F99AAD002C5DAE /* Frameworks */ = {
			isa = PBXFrameworksBuildPhase;
			buildActionMask = 2147483647;
			files = (
			);
			runOnlyForDeploymentPostprocessing = 0;
		};
		045BEA9B29F99AAE002C5DAE /* Frameworks */ = {
			isa = PBXFrameworksBuildPhase;
			buildActionMask = 2147483647;
			files = (
			);
			runOnlyForDeploymentPostprocessing = 0;
		};
		047F874E29E4EF330039CB81 /* Frameworks */ = {
			isa = PBXFrameworksBuildPhase;
			buildActionMask = 2147483647;
			files = (
			);
			runOnlyForDeploymentPostprocessing = 0;
		};
		047F875E29E4EF340039CB81 /* Frameworks */ = {
			isa = PBXFrameworksBuildPhase;
			buildActionMask = 2147483647;
			files = (
			);
			runOnlyForDeploymentPostprocessing = 0;
		};
		047F876829E4EF340039CB81 /* Frameworks */ = {
			isa = PBXFrameworksBuildPhase;
			buildActionMask = 2147483647;
			files = (
			);
			runOnlyForDeploymentPostprocessing = 0;
		};
/* End PBXFrameworksBuildPhase section */

/* Begin PBXGroup section */
		045BE9A529F9855E002C5DAE /* PageView */ = {
			isa = PBXGroup;
			children = (
				045BE9AC29F98804002C5DAE /* PageViewController.swift */,
				045BE9AE29F98973002C5DAE /* PageView.swift */,
				045BE9B029F98D15002C5DAE /* PageControl.swift */,
			);
			path = PageView;
			sourceTree = "<group>";
		};
		045BEA8529F99AAC002C5DAE /* MacLandmarks */ = {
			isa = PBXGroup;
			children = (
				045BEA8829F99AAC002C5DAE /* ContentView.swift */,
				045BEA8A29F99AAD002C5DAE /* Assets.xcassets */,
				045BEA8F29F99AAD002C5DAE /* MacLandmarks.entitlements */,
				045BEA8C29F99AAD002C5DAE /* Preview Content */,
				045BEABD29F99FCA002C5DAE /* LandmarkDetail.swift */,
				045BEAC229F9AEF5002C5DAE /* LandmarkCommands.swift */,
				045BEAC529F9B1E6002C5DAE /* LandmarkSettings.swift */,
			);
			path = MacLandmarks;
			sourceTree = "<group>";
		};
		045BEA8C29F99AAD002C5DAE /* Preview Content */ = {
			isa = PBXGroup;
			children = (
				045BEA8D29F99AAD002C5DAE /* Preview Assets.xcassets */,
			);
			path = "Preview Content";
			sourceTree = "<group>";
		};
		045BEA9729F99AAE002C5DAE /* MacLandmarksTests */ = {
			isa = PBXGroup;
			children = (
				045BEA9829F99AAE002C5DAE /* MacLandmarksTests.swift */,
			);
			path = MacLandmarksTests;
			sourceTree = "<group>";
		};
		045BEAA129F99AAE002C5DAE /* MacLandmarksUITests */ = {
			isa = PBXGroup;
			children = (
				045BEAA229F99AAE002C5DAE /* MacLandmarksUITests.swift */,
				045BEAA429F99AAE002C5DAE /* MacLandmarksUITestsLaunchTests.swift */,
			);
			path = MacLandmarksUITests;
			sourceTree = "<group>";
		};
		047F874829E4EF330039CB81 = {
			isa = PBXGroup;
			children = (
				047F875329E4EF330039CB81 /* AFL3-0706012110054-Fadhil */,
				047F876429E4EF340039CB81 /* AFL3-0706012110054-FadhilTests */,
				047F876E29E4EF340039CB81 /* AFL3-0706012110054-FadhilUITests */,
				045BEA8529F99AAC002C5DAE /* MacLandmarks */,
				045BEA9729F99AAE002C5DAE /* MacLandmarksTests */,
				045BEAA129F99AAE002C5DAE /* MacLandmarksUITests */,
				047F875229E4EF330039CB81 /* Products */,
			);
			sourceTree = "<group>";
		};
		047F875229E4EF330039CB81 /* Products */ = {
			isa = PBXGroup;
			children = (
				047F875129E4EF330039CB81 /* AFL3-0706012110054-Fadhil.app */,
				047F876129E4EF340039CB81 /* AFL3-0706012110054-FadhilTests.xctest */,
				047F876B29E4EF340039CB81 /* AFL3-0706012110054-FadhilUITests.xctest */,
				045BEA8429F99AAC002C5DAE /* MacLandmarks.app */,
				045BEA9429F99AAD002C5DAE /* MacLandmarksTests.xctest */,
				045BEA9E29F99AAE002C5DAE /* MacLandmarksUITests.xctest */,
			);
			name = Products;
			sourceTree = "<group>";
		};
		047F875329E4EF330039CB81 /* AFL3-0706012110054-Fadhil */ = {
			isa = PBXGroup;
			children = (
				047F875429E4EF330039CB81 /* AFL3_0706012110054_FadhilApp.swift */,
				047F878A29E8DE9E0039CB81 /* Resources */,
				047F878929E8DE7D0039CB81 /* Model */,
				047F878829E8DE150039CB81 /* Views */,
				047F875829E4EF340039CB81 /* Assets.xcassets */,
				047F875A29E4EF340039CB81 /* Preview Content */,
			);
			path = "AFL3-0706012110054-Fadhil";
			sourceTree = "<group>";
		};
		047F875A29E4EF340039CB81 /* Preview Content */ = {
			isa = PBXGroup;
			children = (
				047F875B29E4EF340039CB81 /* Preview Assets.xcassets */,
			);
			path = "Preview Content";
			sourceTree = "<group>";
		};
		047F876429E4EF340039CB81 /* AFL3-0706012110054-FadhilTests */ = {
			isa = PBXGroup;
			children = (
				047F876529E4EF340039CB81 /* AFL3_0706012110054_FadhilTests.swift */,
			);
			path = "AFL3-0706012110054-FadhilTests";
			sourceTree = "<group>";
		};
		047F876E29E4EF340039CB81 /* AFL3-0706012110054-FadhilUITests */ = {
			isa = PBXGroup;
			children = (
				047F876F29E4EF340039CB81 /* AFL3_0706012110054_FadhilUITests.swift */,
				047F877129E4EF340039CB81 /* AFL3_0706012110054_FadhilUITestsLaunchTests.swift */,
			);
			path = "AFL3-0706012110054-FadhilUITests";
			sourceTree = "<group>";
		};
		047F878829E8DE150039CB81 /* Views */ = {
			isa = PBXGroup;
			children = (
				047F875629E4EF330039CB81 /* ContentView.swift */,
				045BE9A529F9855E002C5DAE /* PageView */,
				047F87B629E9319E0039CB81 /* Profiles */,
				047F87AD29E901B10039CB81 /* Categories */,
				047F87A429E8FC350039CB81 /* Hikes */,
				047F879F29E8FB630039CB81 /* Badges */,
				047F879429E8F5EF0039CB81 /* Helpers */,
				047F879329E8F5E00039CB81 /* Landmarks */,
			);
			path = Views;
			sourceTree = "<group>";
		};
		047F878929E8DE7D0039CB81 /* Model */ = {
			isa = PBXGroup;
			children = (
				047F878429E4F9760039CB81 /* Landmark.swift */,
				047F878629E8DD3E0039CB81 /* ModelData.swift */,
				047F87B429E9316A0039CB81 /* Profile.swift */,
				047F87A229E8FBE50039CB81 /* Hike.swift */,
			);
			path = Model;
			sourceTree = "<group>";
		};
		047F878A29E8DE9E0039CB81 /* Resources */ = {
			isa = PBXGroup;
			children = (
				047F87A029E8FBD10039CB81 /* hikeData.json */,
				047F878229E4F9540039CB81 /* landmarkData.json */,
			);
			path = Resources;
			sourceTree = "<group>";
		};
		047F879329E8F5E00039CB81 /* Landmarks */ = {
			isa = PBXGroup;
			children = (
				047F878B29E8DF390039CB81 /* LandmarkRow.swift */,
				047F878D29E8E3AB0039CB81 /* LandmarkList.swift */,
				047F878F29E8E5340039CB81 /* LandmarkDetail.swift */,
				045BE9A829F9878D002C5DAE /* FeatureCard.swift */,
			);
			path = Landmarks;
			sourceTree = "<group>";
		};
		047F879429E8F5EF0039CB81 /* Helpers */ = {
			isa = PBXGroup;
			children = (
				047F878029E4F4940039CB81 /* MapView.swift */,
				047F877E29E4F38F0039CB81 /* circleImage.swift */,
				047F879129E8F5130039CB81 /* FavoriteButton.swift */,
			);
			path = Helpers;
			sourceTree = "<group>";
		};
		047F879F29E8FB630039CB81 /* Badges */ = {
			isa = PBXGroup;
			children = (
				047F879529E8F8E50039CB81 /* HexagonParameters.swift */,
				047F879729E8F9700039CB81 /* BadgeBackground.swift */,
				047F879929E8FA9D0039CB81 /* BadgeSymbol.swift */,
				047F879B29E8FAF80039CB81 /* RotatedBadgeSymbol.swift */,
				047F879D29E8FB240039CB81 /* Badge.swift */,
			);
			path = Badges;
			sourceTree = "<group>";
		};
		047F87A429E8FC350039CB81 /* Hikes */ = {
			isa = PBXGroup;
			children = (
				047F87A529E8FC350039CB81 /* GraphCapsule.swift */,
				047F87A629E8FC350039CB81 /* HikeGraph.swift */,
				047F87A729E8FC350039CB81 /* HikeDetail.swift */,
				047F87A829E8FC350039CB81 /* HikeView.swift */,
				047F87BB29E9326F0039CB81 /* HikeBadge.swift */,
			);
			path = Hikes;
			sourceTree = "<group>";
		};
		047F87AD29E901B10039CB81 /* Categories */ = {
			isa = PBXGroup;
			children = (
				047F87AE29E901CF0039CB81 /* CategoryHome.swift */,
				047F87B029E92BB90039CB81 /* CategoryRow.swift */,
				047F87B229E92D910039CB81 /* CategoryItem.swift */,
			);
			path = Categories;
			sourceTree = "<group>";
		};
		047F87B629E9319E0039CB81 /* Profiles */ = {
			isa = PBXGroup;
			children = (
				047F87B729E931BE0039CB81 /* ProfileHost.swift */,
				047F87B929E932010039CB81 /* ProfileSummary.swift */,
				047F87BD29E935DB0039CB81 /* ProfileEditor.swift */,
			);
			path = Profiles;
			sourceTree = "<group>";
		};
/* End PBXGroup section */

/* Begin PBXNativeTarget section */
		045BEA8329F99AAC002C5DAE /* MacLandmarks */ = {
			isa = PBXNativeTarget;
			buildConfigurationList = 045BEAAC29F99AAE002C5DAE /* Build configuration list for PBXNativeTarget "MacLandmarks" */;
			buildPhases = (
				045BEA8029F99AAC002C5DAE /* Sources */,
				045BEA8129F99AAC002C5DAE /* Frameworks */,
				045BEA8229F99AAC002C5DAE /* Resources */,
			);
			buildRules = (
			);
			dependencies = (
			);
			name = MacLandmarks;
			productName = MacLandmarks;
			productReference = 045BEA8429F99AAC002C5DAE /* MacLandmarks.app */;
			productType = "com.apple.product-type.application";
		};
		045BEA9329F99AAD002C5DAE /* MacLandmarksTests */ = {
			isa = PBXNativeTarget;
			buildConfigurationList = 045BEAAD29F99AAE002C5DAE /* Build configuration list for PBXNativeTarget "MacLandmarksTests" */;
			buildPhases = (
				045BEA9029F99AAD002C5DAE /* Sources */,
				045BEA9129F99AAD002C5DAE /* Frameworks */,
				045BEA9229F99AAD002C5DAE /* Resources */,
			);
			buildRules = (
			);
			dependencies = (
				045BEA9629F99AAD002C5DAE /* PBXTargetDependency */,
			);
			name = MacLandmarksTests;
			productName = MacLandmarksTests;
			productReference = 045BEA9429F99AAD002C5DAE /* MacLandmarksTests.xctest */;
			productType = "com.apple.product-type.bundle.unit-test";
		};
		045BEA9D29F99AAE002C5DAE /* MacLandmarksUITests */ = {
			isa = PBXNativeTarget;
			buildConfigurationList = 045BEAAE29F99AAE002C5DAE /* Build configuration list for PBXNativeTarget "MacLandmarksUITests" */;
			buildPhases = (
				045BEA9A29F99AAE002C5DAE /* Sources */,
				045BEA9B29F99AAE002C5DAE /* Frameworks */,
				045BEA9C29F99AAE002C5DAE /* Resources */,
			);
			buildRules = (
			);
			dependencies = (
				045BEAA029F99AAE002C5DAE /* PBXTargetDependency */,
			);
			name = MacLandmarksUITests;
			productName = MacLandmarksUITests;
			productReference = 045BEA9E29F99AAE002C5DAE /* MacLandmarksUITests.xctest */;
			productType = "com.apple.product-type.bundle.ui-testing";
		};
		047F875029E4EF330039CB81 /* AFL3-0706012110054-Fadhil */ = {
			isa = PBXNativeTarget;
			buildConfigurationList = 047F877529E4EF340039CB81 /* Build configuration list for PBXNativeTarget "AFL3-0706012110054-Fadhil" */;
			buildPhases = (
				047F874D29E4EF330039CB81 /* Sources */,
				047F874E29E4EF330039CB81 /* Frameworks */,
				047F874F29E4EF330039CB81 /* Resources */,
				045BE9DD29F992D1002C5DAE /* Embed Watch Content */,
			);
			buildRules = (
			);
			dependencies = (
			);
			name = "AFL3-0706012110054-Fadhil";
			productName = "AFL3-0706012110054-Fadhil";
			productReference = 047F875129E4EF330039CB81 /* AFL3-0706012110054-Fadhil.app */;
			productType = "com.apple.product-type.application";
		};
		047F876029E4EF340039CB81 /* AFL3-0706012110054-FadhilTests */ = {
			isa = PBXNativeTarget;
			buildConfigurationList = 047F877829E4EF340039CB81 /* Build configuration list for PBXNativeTarget "AFL3-0706012110054-FadhilTests" */;
			buildPhases = (
				047F875D29E4EF340039CB81 /* Sources */,
				047F875E29E4EF340039CB81 /* Frameworks */,
				047F875F29E4EF340039CB81 /* Resources */,
			);
			buildRules = (
			);
			dependencies = (
				047F876329E4EF340039CB81 /* PBXTargetDependency */,
			);
			name = "AFL3-0706012110054-FadhilTests";
			productName = "AFL3-0706012110054-FadhilTests";
			productReference = 047F876129E4EF340039CB81 /* AFL3-0706012110054-FadhilTests.xctest */;
			productType = "com.apple.product-type.bundle.unit-test";
		};
		047F876A29E4EF340039CB81 /* AFL3-0706012110054-FadhilUITests */ = {
			isa = PBXNativeTarget;
			buildConfigurationList = 047F877B29E4EF340039CB81 /* Build configuration list for PBXNativeTarget "AFL3-0706012110054-FadhilUITests" */;
			buildPhases = (
				047F876729E4EF340039CB81 /* Sources */,
				047F876829E4EF340039CB81 /* Frameworks */,
				047F876929E4EF340039CB81 /* Resources */,
			);
			buildRules = (
			);
			dependencies = (
				047F876D29E4EF340039CB81 /* PBXTargetDependency */,
			);
			name = "AFL3-0706012110054-FadhilUITests";
			productName = "AFL3-0706012110054-FadhilUITests";
			productReference = 047F876B29E4EF340039CB81 /* AFL3-0706012110054-FadhilUITests.xctest */;
			productType = "com.apple.product-type.bundle.ui-testing";
		};
/* End PBXNativeTarget section */

/* Begin PBXProject section */
		047F874929E4EF330039CB81 /* Project object */ = {
			isa = PBXProject;
			attributes = {
				BuildIndependentTargetsInParallel = 1;
				LastSwiftUpdateCheck = 1430;
				LastUpgradeCheck = 1430;
				TargetAttributes = {
					045BEA8329F99AAC002C5DAE = {
						CreatedOnToolsVersion = 14.3;
					};
					045BEA9329F99AAD002C5DAE = {
						CreatedOnToolsVersion = 14.3;
						TestTargetID = 045BEA8329F99AAC002C5DAE;
					};
					045BEA9D29F99AAE002C5DAE = {
						CreatedOnToolsVersion = 14.3;
						TestTargetID = 045BEA8329F99AAC002C5DAE;
					};
					047F875029E4EF330039CB81 = {
						CreatedOnToolsVersion = 14.3;
					};
					047F876029E4EF340039CB81 = {
						CreatedOnToolsVersion = 14.3;
						TestTargetID = 047F875029E4EF330039CB81;
					};
					047F876A29E4EF340039CB81 = {
						CreatedOnToolsVersion = 14.3;
						TestTargetID = 047F875029E4EF330039CB81;
					};
				};
			};
			buildConfigurationList = 047F874C29E4EF330039CB81 /* Build configuration list for PBXProject "AFL3-0706012110054-Fadhil" */;
			compatibilityVersion = "Xcode 14.0";
			developmentRegion = en;
			hasScannedForEncodings = 0;
			knownRegions = (
				en,
				Base,
			);
			mainGroup = 047F874829E4EF330039CB81;
			productRefGroup = 047F875229E4EF330039CB81 /* Products */;
			projectDirPath = "";
			projectRoot = "";
			targets = (
				047F875029E4EF330039CB81 /* AFL3-0706012110054-Fadhil */,
				047F876029E4EF340039CB81 /* AFL3-0706012110054-FadhilTests */,
				047F876A29E4EF340039CB81 /* AFL3-0706012110054-FadhilUITests */,
				045BEA8329F99AAC002C5DAE /* MacLandmarks */,
				045BEA9329F99AAD002C5DAE /* MacLandmarksTests */,
				045BEA9D29F99AAE002C5DAE /* MacLandmarksUITests */,
			);
		};
/* End PBXProject section */

/* Begin PBXResourcesBuildPhase section */
		045BEA8229F99AAC002C5DAE /* Resources */ = {
			isa = PBXResourcesBuildPhase;
			buildActionMask = 2147483647;
			files = (
				045BEA8E29F99AAD002C5DAE /* Preview Assets.xcassets in Resources */,
				045BEAB129F99C1C002C5DAE /* landmarkData.json in Resources */,
				045BEAB029F99C1C002C5DAE /* hikeData.json in Resources */,
				045BEA8B29F99AAD002C5DAE /* Assets.xcassets in Resources */,
				045BEAB929F99C1C002C5DAE /* Assets.xcassets in Resources */,
			);
			runOnlyForDeploymentPostprocessing = 0;
		};
		045BEA9229F99AAD002C5DAE /* Resources */ = {
			isa = PBXResourcesBuildPhase;
			buildActionMask = 2147483647;
			files = (
			);
			runOnlyForDeploymentPostprocessing = 0;
		};
		045BEA9C29F99AAE002C5DAE /* Resources */ = {
			isa = PBXResourcesBuildPhase;
			buildActionMask = 2147483647;
			files = (
			);
			runOnlyForDeploymentPostprocessing = 0;
		};
		047F874F29E4EF330039CB81 /* Resources */ = {
			isa = PBXResourcesBuildPhase;
			buildActionMask = 2147483647;
			files = (
				047F87A129E8FBD10039CB81 /* hikeData.json in Resources */,
				047F875C29E4EF340039CB81 /* Preview Assets.xcassets in Resources */,
				047F875929E4EF340039CB81 /* Assets.xcassets in Resources */,
				047F878329E4F9540039CB81 /* landmarkData.json in Resources */,
			);
			runOnlyForDeploymentPostprocessing = 0;
		};
		047F875F29E4EF340039CB81 /* Resources */ = {
			isa = PBXResourcesBuildPhase;
			buildActionMask = 2147483647;
			files = (
			);
			runOnlyForDeploymentPostprocessing = 0;
		};
		047F876929E4EF340039CB81 /* Resources */ = {
			isa = PBXResourcesBuildPhase;
			buildActionMask = 2147483647;
			files = (
			);
			runOnlyForDeploymentPostprocessing = 0;
		};
/* End PBXResourcesBuildPhase section */

/* Begin PBXSourcesBuildPhase section */
		045BEA8029F99AAC002C5DAE /* Sources */ = {
			isa = PBXSourcesBuildPhase;
			buildActionMask = 2147483647;
			files = (
				045BEAB229F99C1C002C5DAE /* FavoriteButton.swift in Sources */,
				045BEAB329F99C1C002C5DAE /* ModelData.swift in Sources */,
				045BEAC629F9B1E6002C5DAE /* LandmarkSettings.swift in Sources */,
				045BEAB429F99C1C002C5DAE /* MapView.swift in Sources */,
				045BEAB629F99C1C002C5DAE /* Profile.swift in Sources */,
				045BEAC429F9AEF5002C5DAE /* LandmarkCommands.swift in Sources */,
				045BEABE29F99FCA002C5DAE /* LandmarkDetail.swift in Sources */,
				045BEAB829F99C1C002C5DAE /* LandmarkList.swift in Sources */,
				045BEABB29F99C1C002C5DAE /* AFL3_0706012110054_FadhilApp.swift in Sources */,
				045BEAAF29F99C1C002C5DAE /* LandmarkRow.swift in Sources */,
				045BEA8929F99AAC002C5DAE /* ContentView.swift in Sources */,
				045BEAB729F99C1C002C5DAE /* Hike.swift in Sources */,
				045BEAB529F99C1C002C5DAE /* Landmark.swift in Sources */,
				045BEABA29F99C1C002C5DAE /* circleImage.swift in Sources */,
			);
			runOnlyForDeploymentPostprocessing = 0;
		};
		045BEA9029F99AAD002C5DAE /* Sources */ = {
			isa = PBXSourcesBuildPhase;
			buildActionMask = 2147483647;
			files = (
				045BEA9929F99AAE002C5DAE /* MacLandmarksTests.swift in Sources */,
			);
			runOnlyForDeploymentPostprocessing = 0;
		};
		045BEA9A29F99AAE002C5DAE /* Sources */ = {
			isa = PBXSourcesBuildPhase;
			buildActionMask = 2147483647;
			files = (
				045BEAA529F99AAE002C5DAE /* MacLandmarksUITestsLaunchTests.swift in Sources */,
				045BEAA329F99AAE002C5DAE /* MacLandmarksUITests.swift in Sources */,
			);
			runOnlyForDeploymentPostprocessing = 0;
		};
		047F874D29E4EF330039CB81 /* Sources */ = {
			isa = PBXSourcesBuildPhase;
			buildActionMask = 2147483647;
			files = (
				047F87B129E92BB90039CB81 /* CategoryRow.swift in Sources */,
				047F87B529E9316A0039CB81 /* Profile.swift in Sources */,
				045BEAC329F9AEF5002C5DAE /* LandmarkCommands.swift in Sources */,
				047F877F29E4F38F0039CB81 /* circleImage.swift in Sources */,
				047F87AF29E901CF0039CB81 /* CategoryHome.swift in Sources */,
				045BE9A929F9878D002C5DAE /* FeatureCard.swift in Sources */,
				047F87AA29E8FC360039CB81 /* HikeGraph.swift in Sources */,
				047F879E29E8FB240039CB81 /* Badge.swift in Sources */,
				047F878129E4F4940039CB81 /* MapView.swift in Sources */,
				047F87A929E8FC360039CB81 /* GraphCapsule.swift in Sources */,
				047F875729E4EF330039CB81 /* ContentView.swift in Sources */,
				045BE9B129F98D15002C5DAE /* PageControl.swift in Sources */,
				047F879229E8F5130039CB81 /* FavoriteButton.swift in Sources */,
				047F87B329E92D910039CB81 /* CategoryItem.swift in Sources */,
				047F87AB29E8FC360039CB81 /* HikeDetail.swift in Sources */,
				047F87BA29E932010039CB81 /* ProfileSummary.swift in Sources */,
				047F879629E8F8E50039CB81 /* HexagonParameters.swift in Sources */,
				047F87B829E931BE0039CB81 /* ProfileHost.swift in Sources */,
				047F87A329E8FBE50039CB81 /* Hike.swift in Sources */,
				047F879C29E8FAF80039CB81 /* RotatedBadgeSymbol.swift in Sources */,
				045BE9AF29F98973002C5DAE /* PageView.swift in Sources */,
				047F879A29E8FA9D0039CB81 /* BadgeSymbol.swift in Sources */,
				047F87BE29E935DB0039CB81 /* ProfileEditor.swift in Sources */,
				047F878E29E8E3AB0039CB81 /* LandmarkList.swift in Sources */,
				045BE9AD29F98804002C5DAE /* PageViewController.swift in Sources */,
				047F87AC29E8FC360039CB81 /* HikeView.swift in Sources */,
				047F879029E8E5340039CB81 /* LandmarkDetail.swift in Sources */,
				047F879829E8F9700039CB81 /* BadgeBackground.swift in Sources */,
				047F87BC29E9326F0039CB81 /* HikeBadge.swift in Sources */,
				047F875529E4EF330039CB81 /* AFL3_0706012110054_FadhilApp.swift in Sources */,
				047F878529E4F9760039CB81 /* Landmark.swift in Sources */,
				047F878C29E8DF390039CB81 /* LandmarkRow.swift in Sources */,
				047F878729E8DD3E0039CB81 /* ModelData.swift in Sources */,
			);
			runOnlyForDeploymentPostprocessing = 0;
		};
		047F875D29E4EF340039CB81 /* Sources */ = {
			isa = PBXSourcesBuildPhase;
			buildActionMask = 2147483647;
			files = (
				047F876629E4EF340039CB81 /* AFL3_0706012110054_FadhilTests.swift in Sources */,
			);
			runOnlyForDeploymentPostprocessing = 0;
		};
		047F876729E4EF340039CB81 /* Sources */ = {
			isa = PBXSourcesBuildPhase;
			buildActionMask = 2147483647;
			files = (
				047F877229E4EF340039CB81 /* AFL3_0706012110054_FadhilUITestsLaunchTests.swift in Sources */,
				047F877029E4EF340039CB81 /* AFL3_0706012110054_FadhilUITests.swift in Sources */,
			);
			runOnlyForDeploymentPostprocessing = 0;
		};
/* End PBXSourcesBuildPhase section */

/* Begin PBXTargetDependency section */
		045BEA9629F99AAD002C5DAE /* PBXTargetDependency */ = {
			isa = PBXTargetDependency;
			target = 045BEA8329F99AAC002C5DAE /* MacLandmarks */;
			targetProxy = 045BEA9529F99AAD002C5DAE /* PBXContainerItemProxy */;
		};
		045BEAA029F99AAE002C5DAE /* PBXTargetDependency */ = {
			isa = PBXTargetDependency;
			target = 045BEA8329F99AAC002C5DAE /* MacLandmarks */;
			targetProxy = 045BEA9F29F99AAE002C5DAE /* PBXContainerItemProxy */;
		};
		047F876329E4EF340039CB81 /* PBXTargetDependency */ = {
			isa = PBXTargetDependency;
			target = 047F875029E4EF330039CB81 /* AFL3-0706012110054-Fadhil */;
			targetProxy = 047F876229E4EF340039CB81 /* PBXContainerItemProxy */;
		};
		047F876D29E4EF340039CB81 /* PBXTargetDependency */ = {
			isa = PBXTargetDependency;
			target = 047F875029E4EF330039CB81 /* AFL3-0706012110054-Fadhil */;
			targetProxy = 047F876C29E4EF340039CB81 /* PBXContainerItemProxy */;
		};
/* End PBXTargetDependency section */

/* Begin XCBuildConfiguration section */
		045BEAA629F99AAE002C5DAE /* Debug */ = {
			isa = XCBuildConfiguration;
			buildSettings = {
				ASSETCATALOG_COMPILER_APPICON_NAME = AppIcon;
				ASSETCATALOG_COMPILER_GLOBAL_ACCENT_COLOR_NAME = AccentColor;
				CODE_SIGN_ENTITLEMENTS = MacLandmarks/MacLandmarks.entitlements;
				CODE_SIGN_STYLE = Automatic;
				COMBINE_HIDPI_IMAGES = YES;
				CURRENT_PROJECT_VERSION = 1;
				DEVELOPMENT_ASSET_PATHS = "\"MacLandmarks/Preview Content\"";
				DEVELOPMENT_TEAM = P2G5WJ8C54;
				ENABLE_HARDENED_RUNTIME = YES;
				ENABLE_PREVIEWS = YES;
				GENERATE_INFOPLIST_FILE = YES;
				INFOPLIST_KEY_NSHumanReadableCopyright = "";
				LD_RUNPATH_SEARCH_PATHS = (
					"$(inherited)",
					"@executable_path/../Frameworks",
				);
				MACOSX_DEPLOYMENT_TARGET = 13.2;
				MARKETING_VERSION = 1.0;
				PRODUCT_BUNDLE_IDENTIFIER = com.xcodecoba.MacLandmarks;
				PRODUCT_NAME = "$(TARGET_NAME)";
				SDKROOT = macosx;
				SWIFT_EMIT_LOC_STRINGS = YES;
				SWIFT_VERSION = 5.0;
			};
			name = Debug;
		};
		045BEAA729F99AAE002C5DAE /* Release */ = {
			isa = XCBuildConfiguration;
			buildSettings = {
				ASSETCATALOG_COMPILER_APPICON_NAME = AppIcon;
				ASSETCATALOG_COMPILER_GLOBAL_ACCENT_COLOR_NAME = AccentColor;
				CODE_SIGN_ENTITLEMENTS = MacLandmarks/MacLandmarks.entitlements;
				CODE_SIGN_STYLE = Automatic;
				COMBINE_HIDPI_IMAGES = YES;
				CURRENT_PROJECT_VERSION = 1;
				DEVELOPMENT_ASSET_PATHS = "\"MacLandmarks/Preview Content\"";
				DEVELOPMENT_TEAM = P2G5WJ8C54;
				ENABLE_HARDENED_RUNTIME = YES;
				ENABLE_PREVIEWS = YES;
				GENERATE_INFOPLIST_FILE = YES;
				INFOPLIST_KEY_NSHumanReadableCopyright = "";
				LD_RUNPATH_SEARCH_PATHS = (
					"$(inherited)",
					"@executable_path/../Frameworks",
				);
				MACOSX_DEPLOYMENT_TARGET = 13.2;
				MARKETING_VERSION = 1.0;
				PRODUCT_BUNDLE_IDENTIFIER = com.xcodecoba.MacLandmarks;
				PRODUCT_NAME = "$(TARGET_NAME)";
				SDKROOT = macosx;
				SWIFT_EMIT_LOC_STRINGS = YES;
				SWIFT_VERSION = 5.0;
			};
			name = Release;
		};
		045BEAA829F99AAE002C5DAE /* Debug */ = {
			isa = XCBuildConfiguration;
			buildSettings = {
				ALWAYS_EMBED_SWIFT_STANDARD_LIBRARIES = YES;
				BUNDLE_LOADER = "$(TEST_HOST)";
				CODE_SIGN_STYLE = Automatic;
				CURRENT_PROJECT_VERSION = 1;
				DEVELOPMENT_TEAM = P2G5WJ8C54;
				GENERATE_INFOPLIST_FILE = YES;
				MACOSX_DEPLOYMENT_TARGET = 13.2;
				MARKETING_VERSION = 1.0;
				PRODUCT_BUNDLE_IDENTIFIER = com.xcodecoba.MacLandmarksTests;
				PRODUCT_NAME = "$(TARGET_NAME)";
				SDKROOT = macosx;
				SWIFT_EMIT_LOC_STRINGS = NO;
				SWIFT_VERSION = 5.0;
				TEST_HOST = "$(BUILT_PRODUCTS_DIR)/MacLandmarks.app/$(BUNDLE_EXECUTABLE_FOLDER_PATH)/MacLandmarks";
			};
			name = Debug;
		};
		045BEAA929F99AAE002C5DAE /* Release */ = {
			isa = XCBuildConfiguration;
			buildSettings = {
				ALWAYS_EMBED_SWIFT_STANDARD_LIBRARIES = YES;
				BUNDLE_LOADER = "$(TEST_HOST)";
				CODE_SIGN_STYLE = Automatic;
				CURRENT_PROJECT_VERSION = 1;
				DEVELOPMENT_TEAM = P2G5WJ8C54;
				GENERATE_INFOPLIST_FILE = YES;
				MACOSX_DEPLOYMENT_TARGET = 13.2;
				MARKETING_VERSION = 1.0;
				PRODUCT_BUNDLE_IDENTIFIER = com.xcodecoba.MacLandmarksTests;
				PRODUCT_NAME = "$(TARGET_NAME)";
				SDKROOT = macosx;
				SWIFT_EMIT_LOC_STRINGS = NO;
				SWIFT_VERSION = 5.0;
				TEST_HOST = "$(BUILT_PRODUCTS_DIR)/MacLandmarks.app/$(BUNDLE_EXECUTABLE_FOLDER_PATH)/MacLandmarks";
			};
			name = Release;
		};
		045BEAAA29F99AAE002C5DAE /* Debug */ = {
			isa = XCBuildConfiguration;
			buildSettings = {
				ALWAYS_EMBED_SWIFT_STANDARD_LIBRARIES = YES;
				CODE_SIGN_STYLE = Automatic;
				CURRENT_PROJECT_VERSION = 1;
				DEVELOPMENT_TEAM = P2G5WJ8C54;
				GENERATE_INFOPLIST_FILE = YES;
				MACOSX_DEPLOYMENT_TARGET = 13.2;
				MARKETING_VERSION = 1.0;
				PRODUCT_BUNDLE_IDENTIFIER = com.xcodecoba.MacLandmarksUITests;
				PRODUCT_NAME = "$(TARGET_NAME)";
				SDKROOT = macosx;
				SWIFT_EMIT_LOC_STRINGS = NO;
				SWIFT_VERSION = 5.0;
				TEST_TARGET_NAME = MacLandmarks;
			};
			name = Debug;
		};
		045BEAAB29F99AAE002C5DAE /* Release */ = {
			isa = XCBuildConfiguration;
			buildSettings = {
				ALWAYS_EMBED_SWIFT_STANDARD_LIBRARIES = YES;
				CODE_SIGN_STYLE = Automatic;
				CURRENT_PROJECT_VERSION = 1;
				DEVELOPMENT_TEAM = P2G5WJ8C54;
				GENERATE_INFOPLIST_FILE = YES;
				MACOSX_DEPLOYMENT_TARGET = 13.2;
				MARKETING_VERSION = 1.0;
				PRODUCT_BUNDLE_IDENTIFIER = com.xcodecoba.MacLandmarksUITests;
				PRODUCT_NAME = "$(TARGET_NAME)";
				SDKROOT = macosx;
				SWIFT_EMIT_LOC_STRINGS = NO;
				SWIFT_VERSION = 5.0;
				TEST_TARGET_NAME = MacLandmarks;
			};
			name = Release;
		};
		047F877329E4EF340039CB81 /* Debug */ = {
			isa = XCBuildConfiguration;
			buildSettings = {
				ALWAYS_SEARCH_USER_PATHS = NO;
				CLANG_ANALYZER_NONNULL = YES;
				CLANG_ANALYZER_NUMBER_OBJECT_CONVERSION = YES_AGGRESSIVE;
				CLANG_CXX_LANGUAGE_STANDARD = "gnu++20";
				CLANG_ENABLE_MODULES = YES;
				CLANG_ENABLE_OBJC_ARC = YES;
				CLANG_ENABLE_OBJC_WEAK = YES;
				CLANG_WARN_BLOCK_CAPTURE_AUTORELEASING = YES;
				CLANG_WARN_BOOL_CONVERSION = YES;
				CLANG_WARN_COMMA = YES;
				CLANG_WARN_CONSTANT_CONVERSION = YES;
				CLANG_WARN_DEPRECATED_OBJC_IMPLEMENTATIONS = YES;
				CLANG_WARN_DIRECT_OBJC_ISA_USAGE = YES_ERROR;
				CLANG_WARN_DOCUMENTATION_COMMENTS = YES;
				CLANG_WARN_EMPTY_BODY = YES;
				CLANG_WARN_ENUM_CONVERSION = YES;
				CLANG_WARN_INFINITE_RECURSION = YES;
				CLANG_WARN_INT_CONVERSION = YES;
				CLANG_WARN_NON_LITERAL_NULL_CONVERSION = YES;
				CLANG_WARN_OBJC_IMPLICIT_RETAIN_SELF = YES;
				CLANG_WARN_OBJC_LITERAL_CONVERSION = YES;
				CLANG_WARN_OBJC_ROOT_CLASS = YES_ERROR;
				CLANG_WARN_QUOTED_INCLUDE_IN_FRAMEWORK_HEADER = YES;
				CLANG_WARN_RANGE_LOOP_ANALYSIS = YES;
				CLANG_WARN_STRICT_PROTOTYPES = YES;
				CLANG_WARN_SUSPICIOUS_MOVE = YES;
				CLANG_WARN_UNGUARDED_AVAILABILITY = YES_AGGRESSIVE;
				CLANG_WARN_UNREACHABLE_CODE = YES;
				CLANG_WARN__DUPLICATE_METHOD_MATCH = YES;
				COPY_PHASE_STRIP = NO;
				DEBUG_INFORMATION_FORMAT = dwarf;
				ENABLE_STRICT_OBJC_MSGSEND = YES;
				ENABLE_TESTABILITY = YES;
				GCC_C_LANGUAGE_STANDARD = gnu11;
				GCC_DYNAMIC_NO_PIC = NO;
				GCC_NO_COMMON_BLOCKS = YES;
				GCC_OPTIMIZATION_LEVEL = 0;
				GCC_PREPROCESSOR_DEFINITIONS = (
					"DEBUG=1",
					"$(inherited)",
				);
				GCC_WARN_64_TO_32_BIT_CONVERSION = YES;
				GCC_WARN_ABOUT_RETURN_TYPE = YES_ERROR;
				GCC_WARN_UNDECLARED_SELECTOR = YES;
				GCC_WARN_UNINITIALIZED_AUTOS = YES_AGGRESSIVE;
				GCC_WARN_UNUSED_FUNCTION = YES;
				GCC_WARN_UNUSED_VARIABLE = YES;
				IPHONEOS_DEPLOYMENT_TARGET = 16.4;
				MTL_ENABLE_DEBUG_INFO = INCLUDE_SOURCE;
				MTL_FAST_MATH = YES;
				ONLY_ACTIVE_ARCH = YES;
				SDKROOT = iphoneos;
				SWIFT_ACTIVE_COMPILATION_CONDITIONS = DEBUG;
				SWIFT_OPTIMIZATION_LEVEL = "-Onone";
			};
			name = Debug;
		};
		047F877429E4EF340039CB81 /* Release */ = {
			isa = XCBuildConfiguration;
			buildSettings = {
				ALWAYS_SEARCH_USER_PATHS = NO;
				CLANG_ANALYZER_NONNULL = YES;
				CLANG_ANALYZER_NUMBER_OBJECT_CONVERSION = YES_AGGRESSIVE;
				CLANG_CXX_LANGUAGE_STANDARD = "gnu++20";
				CLANG_ENABLE_MODULES = YES;
				CLANG_ENABLE_OBJC_ARC = YES;
				CLANG_ENABLE_OBJC_WEAK = YES;
				CLANG_WARN_BLOCK_CAPTURE_AUTORELEASING = YES;
				CLANG_WARN_BOOL_CONVERSION = YES;
				CLANG_WARN_COMMA = YES;
				CLANG_WARN_CONSTANT_CONVERSION = YES;
				CLANG_WARN_DEPRECATED_OBJC_IMPLEMENTATIONS = YES;
				CLANG_WARN_DIRECT_OBJC_ISA_USAGE = YES_ERROR;
				CLANG_WARN_DOCUMENTATION_COMMENTS = YES;
				CLANG_WARN_EMPTY_BODY = YES;
				CLANG_WARN_ENUM_CONVERSION = YES;
				CLANG_WARN_INFINITE_RECURSION = YES;
				CLANG_WARN_INT_CONVERSION = YES;
				CLANG_WARN_NON_LITERAL_NULL_CONVERSION = YES;
				CLANG_WARN_OBJC_IMPLICIT_RETAIN_SELF = YES;
				CLANG_WARN_OBJC_LITERAL_CONVERSION = YES;
				CLANG_WARN_OBJC_ROOT_CLASS = YES_ERROR;
				CLANG_WARN_QUOTED_INCLUDE_IN_FRAMEWORK_HEADER = YES;
				CLANG_WARN_RANGE_LOOP_ANALYSIS = YES;
				CLANG_WARN_STRICT_PROTOTYPES = YES;
				CLANG_WARN_SUSPICIOUS_MOVE = YES;
				CLANG_WARN_UNGUARDED_AVAILABILITY = YES_AGGRESSIVE;
				CLANG_WARN_UNREACHABLE_CODE = YES;
				CLANG_WARN__DUPLICATE_METHOD_MATCH = YES;
				COPY_PHASE_STRIP = NO;
				DEBUG_INFORMATION_FORMAT = "dwarf-with-dsym";
				ENABLE_NS_ASSERTIONS = NO;
				ENABLE_STRICT_OBJC_MSGSEND = YES;
				GCC_C_LANGUAGE_STANDARD = gnu11;
				GCC_NO_COMMON_BLOCKS = YES;
				GCC_WARN_64_TO_32_BIT_CONVERSION = YES;
				GCC_WARN_ABOUT_RETURN_TYPE = YES_ERROR;
				GCC_WARN_UNDECLARED_SELECTOR = YES;
				GCC_WARN_UNINITIALIZED_AUTOS = YES_AGGRESSIVE;
				GCC_WARN_UNUSED_FUNCTION = YES;
				GCC_WARN_UNUSED_VARIABLE = YES;
				IPHONEOS_DEPLOYMENT_TARGET = 16.4;
				MTL_ENABLE_DEBUG_INFO = NO;
				MTL_FAST_MATH = YES;
				SDKROOT = iphoneos;
				SWIFT_COMPILATION_MODE = wholemodule;
				SWIFT_OPTIMIZATION_LEVEL = "-O";
				VALIDATE_PRODUCT = YES;
			};
			name = Release;
		};
		047F877629E4EF340039CB81 /* Debug */ = {
			isa = XCBuildConfiguration;
			buildSettings = {
				ASSETCATALOG_COMPILER_APPICON_NAME = AppIcon;
				ASSETCATALOG_COMPILER_GLOBAL_ACCENT_COLOR_NAME = AccentColor;
				CODE_SIGN_STYLE = Automatic;
				CURRENT_PROJECT_VERSION = 1;
				DEVELOPMENT_ASSET_PATHS = "\"AFL3-0706012110054-Fadhil/Preview Content\"";
				DEVELOPMENT_TEAM = P2G5WJ8C54;
				ENABLE_PREVIEWS = YES;
				GENERATE_INFOPLIST_FILE = YES;
				INFOPLIST_KEY_UIApplicationSceneManifest_Generation = YES;
				INFOPLIST_KEY_UIApplicationSupportsIndirectInputEvents = YES;
				INFOPLIST_KEY_UILaunchScreen_Generation = YES;
				INFOPLIST_KEY_UISupportedInterfaceOrientations_iPad = "UIInterfaceOrientationPortrait UIInterfaceOrientationPortraitUpsideDown UIInterfaceOrientationLandscapeLeft UIInterfaceOrientationLandscapeRight";
				INFOPLIST_KEY_UISupportedInterfaceOrientations_iPhone = "UIInterfaceOrientationPortrait UIInterfaceOrientationLandscapeLeft UIInterfaceOrientationLandscapeRight";
				LD_RUNPATH_SEARCH_PATHS = (
					"$(inherited)",
					"@executable_path/Frameworks",
				);
				MARKETING_VERSION = 1.0;
				PRODUCT_BUNDLE_IDENTIFIER = "com.xcodecoba.AFL3-0706012110054-Fadhil";
				PRODUCT_NAME = "$(TARGET_NAME)";
				SWIFT_EMIT_LOC_STRINGS = YES;
				SWIFT_VERSION = 5.0;
				TARGETED_DEVICE_FAMILY = "1,2";
			};
			name = Debug;
		};
		047F877729E4EF340039CB81 /* Release */ = {
			isa = XCBuildConfiguration;
			buildSettings = {
				ASSETCATALOG_COMPILER_APPICON_NAME = AppIcon;
				ASSETCATALOG_COMPILER_GLOBAL_ACCENT_COLOR_NAME = AccentColor;
				CODE_SIGN_STYLE = Automatic;
				CURRENT_PROJECT_VERSION = 1;
				DEVELOPMENT_ASSET_PATHS = "\"AFL3-0706012110054-Fadhil/Preview Content\"";
				DEVELOPMENT_TEAM = P2G5WJ8C54;
				ENABLE_PREVIEWS = YES;
				GENERATE_INFOPLIST_FILE = YES;
				INFOPLIST_KEY_UIApplicationSceneManifest_Generation = YES;
				INFOPLIST_KEY_UIApplicationSupportsIndirectInputEvents = YES;
				INFOPLIST_KEY_UILaunchScreen_Generation = YES;
				INFOPLIST_KEY_UISupportedInterfaceOrientations_iPad = "UIInterfaceOrientationPortrait UIInterfaceOrientationPortraitUpsideDown UIInterfaceOrientationLandscapeLeft UIInterfaceOrientationLandscapeRight";
				INFOPLIST_KEY_UISupportedInterfaceOrientations_iPhone = "UIInterfaceOrientationPortrait UIInterfaceOrientationLandscapeLeft UIInterfaceOrientationLandscapeRight";
				LD_RUNPATH_SEARCH_PATHS = (
					"$(inherited)",
					"@executable_path/Frameworks",
				);
				MARKETING_VERSION = 1.0;
				PRODUCT_BUNDLE_IDENTIFIER = "com.xcodecoba.AFL3-0706012110054-Fadhil";
				PRODUCT_NAME = "$(TARGET_NAME)";
				SWIFT_EMIT_LOC_STRINGS = YES;
				SWIFT_VERSION = 5.0;
				TARGETED_DEVICE_FAMILY = "1,2";
			};
			name = Release;
		};
		047F877929E4EF340039CB81 /* Debug */ = {
			isa = XCBuildConfiguration;
			buildSettings = {
				ALWAYS_EMBED_SWIFT_STANDARD_LIBRARIES = YES;
				BUNDLE_LOADER = "$(TEST_HOST)";
				CODE_SIGN_STYLE = Automatic;
				CURRENT_PROJECT_VERSION = 1;
				DEVELOPMENT_TEAM = P2G5WJ8C54;
				GENERATE_INFOPLIST_FILE = YES;
				IPHONEOS_DEPLOYMENT_TARGET = 16.4;
				MARKETING_VERSION = 1.0;
				PRODUCT_BUNDLE_IDENTIFIER = "com.xcodecoba.AFL3-0706012110054-FadhilTests";
				PRODUCT_NAME = "$(TARGET_NAME)";
				SWIFT_EMIT_LOC_STRINGS = NO;
				SWIFT_VERSION = 5.0;
				TARGETED_DEVICE_FAMILY = "1,2";
				TEST_HOST = "$(BUILT_PRODUCTS_DIR)/AFL3-0706012110054-Fadhil.app/$(BUNDLE_EXECUTABLE_FOLDER_PATH)/AFL3-0706012110054-Fadhil";
			};
			name = Debug;
		};
		047F877A29E4EF340039CB81 /* Release */ = {
			isa = XCBuildConfiguration;
			buildSettings = {
				ALWAYS_EMBED_SWIFT_STANDARD_LIBRARIES = YES;
				BUNDLE_LOADER = "$(TEST_HOST)";
				CODE_SIGN_STYLE = Automatic;
				CURRENT_PROJECT_VERSION = 1;
				DEVELOPMENT_TEAM = P2G5WJ8C54;
				GENERATE_INFOPLIST_FILE = YES;
				IPHONEOS_DEPLOYMENT_TARGET = 16.4;
				MARKETING_VERSION = 1.0;
				PRODUCT_BUNDLE_IDENTIFIER = "com.xcodecoba.AFL3-0706012110054-FadhilTests";
				PRODUCT_NAME = "$(TARGET_NAME)";
				SWIFT_EMIT_LOC_STRINGS = NO;
				SWIFT_VERSION = 5.0;
				TARGETED_DEVICE_FAMILY = "1,2";
				TEST_HOST = "$(BUILT_PRODUCTS_DIR)/AFL3-0706012110054-Fadhil.app/$(BUNDLE_EXECUTABLE_FOLDER_PATH)/AFL3-0706012110054-Fadhil";
			};
			name = Release;
		};
		047F877C29E4EF340039CB81 /* Debug */ = {
			isa = XCBuildConfiguration;
			buildSettings = {
				ALWAYS_EMBED_SWIFT_STANDARD_LIBRARIES = YES;
				CODE_SIGN_STYLE = Automatic;
				CURRENT_PROJECT_VERSION = 1;
				DEVELOPMENT_TEAM = P2G5WJ8C54;
				GENERATE_INFOPLIST_FILE = YES;
				MARKETING_VERSION = 1.0;
				PRODUCT_BUNDLE_IDENTIFIER = "com.xcodecoba.AFL3-0706012110054-FadhilUITests";
				PRODUCT_NAME = "$(TARGET_NAME)";
				SWIFT_EMIT_LOC_STRINGS = NO;
				SWIFT_VERSION = 5.0;
				TARGETED_DEVICE_FAMILY = "1,2";
				TEST_TARGET_NAME = "AFL3-0706012110054-Fadhil";
			};
			name = Debug;
		};
		047F877D29E4EF340039CB81 /* Release */ = {
			isa = XCBuildConfiguration;
			buildSettings = {
				ALWAYS_EMBED_SWIFT_STANDARD_LIBRARIES = YES;
				CODE_SIGN_STYLE = Automatic;
				CURRENT_PROJECT_VERSION = 1;
				DEVELOPMENT_TEAM = P2G5WJ8C54;
				GENERATE_INFOPLIST_FILE = YES;
				MARKETING_VERSION = 1.0;
				PRODUCT_BUNDLE_IDENTIFIER = "com.xcodecoba.AFL3-0706012110054-FadhilUITests";
				PRODUCT_NAME = "$(TARGET_NAME)";
				SWIFT_EMIT_LOC_STRINGS = NO;
				SWIFT_VERSION = 5.0;
				TARGETED_DEVICE_FAMILY = "1,2";
				TEST_TARGET_NAME = "AFL3-0706012110054-Fadhil";
			};
			name = Release;
		};
/* End XCBuildConfiguration section */

/* Begin XCConfigurationList section */
		045BEAAC29F99AAE002C5DAE /* Build configuration list for PBXNativeTarget "MacLandmarks" */ = {
			isa = XCConfigurationList;
			buildConfigurations = (
				045BEAA629F99AAE002C5DAE /* Debug */,
				045BEAA729F99AAE002C5DAE /* Release */,
			);
			defaultConfigurationIsVisible = 0;
			defaultConfigurationName = Release;
		};
		045BEAAD29F99AAE002C5DAE /* Build configuration list for PBXNativeTarget "MacLandmarksTests" */ = {
			isa = XCConfigurationList;
			buildConfigurations = (
				045BEAA829F99AAE002C5DAE /* Debug */,
				045BEAA929F99AAE002C5DAE /* Release */,
			);
			defaultConfigurationIsVisible = 0;
			defaultConfigurationName = Release;
		};
		045BEAAE29F99AAE002C5DAE /* Build configuration list for PBXNativeTarget "MacLandmarksUITests" */ = {
			isa = XCConfigurationList;
			buildConfigurations = (
				045BEAAA29F99AAE002C5DAE /* Debug */,
				045BEAAB29F99AAE002C5DAE /* Release */,
			);
			defaultConfigurationIsVisible = 0;
			defaultConfigurationName = Release;
		};
		047F874C29E4EF330039CB81 /* Build configuration list for PBXProject "AFL3-0706012110054-Fadhil" */ = {
			isa = XCConfigurationList;
			buildConfigurations = (
				047F877329E4EF340039CB81 /* Debug */,
				047F877429E4EF340039CB81 /* Release */,
			);
			defaultConfigurationIsVisible = 0;
			defaultConfigurationName = Release;
		};
		047F877529E4EF340039CB81 /* Build configuration list for PBXNativeTarget "AFL3-0706012110054-Fadhil" */ = {
			isa = XCConfigurationList;
			buildConfigurations = (
				047F877629E4EF340039CB81 /* Debug */,
				047F877729E4EF340039CB81 /* Release */,
			);
			defaultConfigurationIsVisible = 0;
			defaultConfigurationName = Release;
		};
		047F877829E4EF340039CB81 /* Build configuration list for PBXNativeTarget "AFL3-0706012110054-FadhilTests" */ = {
			isa = XCConfigurationList;
			buildConfigurations = (
				047F877929E4EF340039CB81 /* Debug */,
				047F877A29E4EF340039CB81 /* Release */,
			);
			defaultConfigurationIsVisible = 0;
			defaultConfigurationName = Release;
		};
		047F877B29E4EF340039CB81 /* Build configuration list for PBXNativeTarget "AFL3-0706012110054-FadhilUITests" */ = {
			isa = XCConfigurationList;
			buildConfigurations = (
				047F877C29E4EF340039CB81 /* Debug */,
				047F877D29E4EF340039CB81 /* Release */,
			);
			defaultConfigurationIsVisible = 0;
			defaultConfigurationName = Release;
		};
/* End XCConfigurationList section */
	};
	rootObject = 047F874929E4EF330039CB81 /* Project object */;
}
